// !$*UTF8*$!
{
	archiveVersion = 1;
	classes = {
	};
	objectVersion = 46;
	objects = {

/* Begin PBXBuildFile section */
		D03EAF3C174B572A005F3DF9 /* NSDate+FDDate.m in Sources */ = {isa = PBXBuildFile; fileRef = D03EAF3B174B572A005F3DF9 /* NSDate+FDDate.m */; };
		D040A45517438CED0017B172 /* UIKit.framework in Frameworks */ = {isa = PBXBuildFile; fileRef = D040A45417438CED0017B172 /* UIKit.framework */; };
		D040A45717438CED0017B172 /* Foundation.framework in Frameworks */ = {isa = PBXBuildFile; fileRef = D040A45617438CED0017B172 /* Foundation.framework */; };
		D040A45917438CED0017B172 /* CoreGraphics.framework in Frameworks */ = {isa = PBXBuildFile; fileRef = D040A45817438CED0017B172 /* CoreGraphics.framework */; };
		D040A45F17438CEE0017B172 /* InfoPlist.strings in Resources */ = {isa = PBXBuildFile; fileRef = D040A45D17438CEE0017B172 /* InfoPlist.strings */; };
		D040A46117438CEE0017B172 /* main.m in Sources */ = {isa = PBXBuildFile; fileRef = D040A46017438CEE0017B172 /* main.m */; };
		D040A46517438CEE0017B172 /* AppDelegate.m in Sources */ = {isa = PBXBuildFile; fileRef = D040A46417438CEE0017B172 /* AppDelegate.m */; };
		D040A46717438CEE0017B172 /* Default.png in Resources */ = {isa = PBXBuildFile; fileRef = D040A46617438CEE0017B172 /* Default.png */; };
		D040A46917438CEE0017B172 /* Default@2x.png in Resources */ = {isa = PBXBuildFile; fileRef = D040A46817438CEE0017B172 /* Default@2x.png */; };
		D040A46B17438CEE0017B172 /* Default-568h@2x.png in Resources */ = {isa = PBXBuildFile; fileRef = D040A46A17438CEE0017B172 /* Default-568h@2x.png */; };
		D040A47417438D620017B172 /* RootViewController.m in Sources */ = {isa = PBXBuildFile; fileRef = D040A47317438D620017B172 /* RootViewController.m */; };
		D040A4791744B53B0017B172 /* FDCalendarView.m in Sources */ = {isa = PBXBuildFile; fileRef = D040A4781744B53B0017B172 /* FDCalendarView.m */; };
		D040A47B1744E49E0017B172 /* QuartzCore.framework in Frameworks */ = {isa = PBXBuildFile; fileRef = D040A47A1744E49E0017B172 /* QuartzCore.framework */; };
/* End PBXBuildFile section */

/* Begin PBXFileReference section */
		D03EAF3A174B572A005F3DF9 /* NSDate+FDDate.h */ = {isa = PBXFileReference; fileEncoding = 4; lastKnownFileType = sourcecode.c.h; path = "NSDate+FDDate.h"; sourceTree = "<group>"; };
		D03EAF3B174B572A005F3DF9 /* NSDate+FDDate.m */ = {isa = PBXFileReference; fileEncoding = 4; lastKnownFileType = sourcecode.c.objc; path = "NSDate+FDDate.m"; sourceTree = "<group>"; };
		D040A45117438CED0017B172 /* FDCalendar.app */ = {isa = PBXFileReference; explicitFileType = wrapper.application; includeInIndex = 0; path = FDCalendar.app; sourceTree = BUILT_PRODUCTS_DIR; };
		D040A45417438CED0017B172 /* UIKit.framework */ = {isa = PBXFileReference; lastKnownFileType = wrapper.framework; name = UIKit.framework; path = System/Library/Frameworks/UIKit.framework; sourceTree = SDKROOT; };
		D040A45617438CED0017B172 /* Foundation.framework */ = {isa = PBXFileReference; lastKnownFileType = wrapper.framework; name = Foundation.framework; path = System/Library/Frameworks/Foundation.framework; sourceTree = SDKROOT; };
		D040A45817438CED0017B172 /* CoreGraphics.framework */ = {isa = PBXFileReference; lastKnownFileType = wrapper.framework; name = CoreGraphics.framework; path = System/Library/Frameworks/CoreGraphics.framework; sourceTree = SDKROOT; };
		D040A45C17438CEE0017B172 /* FDCalendar-Info.plist */ = {isa = PBXFileReference; lastKnownFileType = text.plist.xml; path = "FDCalendar-Info.plist"; sourceTree = "<group>"; };
		D040A45E17438CEE0017B172 /* en */ = {isa = PBXFileReference; lastKnownFileType = text.plist.strings; name = en; path = en.lproj/InfoPlist.strings; sourceTree = "<group>"; };
		D040A46017438CEE0017B172 /* main.m */ = {isa = PBXFileReference; lastKnownFileType = sourcecode.c.objc; path = main.m; sourceTree = "<group>"; };
		D040A46217438CEE0017B172 /* FDCalendar-Prefix.pch */ = {isa = PBXFileReference; lastKnownFileType = sourcecode.c.h; path = "FDCalendar-Prefix.pch"; sourceTree = "<group>"; };
		D040A46317438CEE0017B172 /* AppDelegate.h */ = {isa = PBXFileReference; lastKnownFileType = sourcecode.c.h; path = AppDelegate.h; sourceTree = "<group>"; };
		D040A46417438CEE0017B172 /* AppDelegate.m */ = {isa = PBXFileReference; lastKnownFileType = sourcecode.c.objc; path = AppDelegate.m; sourceTree = "<group>"; };
		D040A46617438CEE0017B172 /* Default.png */ = {isa = PBXFileReference; lastKnownFileType = image.png; path = Default.png; sourceTree = "<group>"; };
		D040A46817438CEE0017B172 /* Default@2x.png */ = {isa = PBXFileReference; lastKnownFileType = image.png; path = "Default@2x.png"; sourceTree = "<group>"; };
		D040A46A17438CEE0017B172 /* Default-568h@2x.png */ = {isa = PBXFileReference; lastKnownFileType = image.png; path = "Default-568h@2x.png"; sourceTree = "<group>"; };
		D040A47217438D610017B172 /* RootViewController.h */ = {isa = PBXFileReference; fileEncoding = 4; lastKnownFileType = sourcecode.c.h; path = RootViewController.h; sourceTree = "<group>"; };
		D040A47317438D620017B172 /* RootViewController.m */ = {isa = PBXFileReference; fileEncoding = 4; lastKnownFileType = sourcecode.c.objc; path = RootViewController.m; sourceTree = "<group>"; };
		D040A4771744B53B0017B172 /* FDCalendarView.h */ = {isa = PBXFileReference; fileEncoding = 4; lastKnownFileType = sourcecode.c.h; path = FDCalendarView.h; sourceTree = "<group>"; };
		D040A4781744B53B0017B172 /* FDCalendarView.m */ = {isa = PBXFileReference; fileEncoding = 4; lastKnownFileType = sourcecode.c.objc; path = FDCalendarView.m; sourceTree = "<group>"; };
		D040A47A1744E49E0017B172 /* QuartzCore.framework */ = {isa = PBXFileReference; lastKnownFileType = wrapper.framework; name = QuartzCore.framework; path = System/Library/Frameworks/QuartzCore.framework; sourceTree = SDKROOT; };
/* End PBXFileReference section */

/* Begin PBXFrameworksBuildPhase section */
		D040A44E17438CED0017B172 /* Frameworks */ = {
			isa = PBXFrameworksBuildPhase;
			buildActionMask = 2147483647;
			files = (
				D040A47B1744E49E0017B172 /* QuartzCore.framework in Frameworks */,
				D040A45517438CED0017B172 /* UIKit.framework in Frameworks */,
				D040A45717438CED0017B172 /* Foundation.framework in Frameworks */,
				D040A45917438CED0017B172 /* CoreGraphics.framework in Frameworks */,
			);
			runOnlyForDeploymentPostprocessing = 0;
		};
/* End PBXFrameworksBuildPhase section */

/* Begin PBXGroup section */
		D040A44817438CED0017B172 = {
			isa = PBXGroup;
			children = (
				D040A47A1744E49E0017B172 /* QuartzCore.framework */,
				D040A45A17438CED0017B172 /* FDCalendar */,
				D040A45317438CED0017B172 /* Frameworks */,
				D040A45217438CED0017B172 /* Products */,
			);
			sourceTree = "<group>";
		};
		D040A45217438CED0017B172 /* Products */ = {
			isa = PBXGroup;
			children = (
				D040A45117438CED0017B172 /* FDCalendar.app */,
			);
			name = Products;
			sourceTree = "<group>";
		};
		D040A45317438CED0017B172 /* Frameworks */ = {
			isa = PBXGroup;
			children = (
				D040A45417438CED0017B172 /* UIKit.framework */,
				D040A45617438CED0017B172 /* Foundation.framework */,
				D040A45817438CED0017B172 /* CoreGraphics.framework */,
			);
			name = Frameworks;
			sourceTree = "<group>";
		};
		D040A45A17438CED0017B172 /* FDCalendar */ = {
			isa = PBXGroup;
			children = (
				D040A47117438D370017B172 /* FDCalendar */,
				D040A46317438CEE0017B172 /* AppDelegate.h */,
				D040A46417438CEE0017B172 /* AppDelegate.m */,
				D040A47217438D610017B172 /* RootViewController.h */,
				D040A47317438D620017B172 /* RootViewController.m */,
				D040A45B17438CED0017B172 /* Supporting Files */,
				D03EAF3A174B572A005F3DF9 /* NSDate+FDDate.h */,
				D03EAF3B174B572A005F3DF9 /* NSDate+FDDate.m */,
			);
			path = FDCalendar;
			sourceTree = "<group>";
		};
		D040A45B17438CED0017B172 /* Supporting Files */ = {
			isa = PBXGroup;
			children = (
				D040A45C17438CEE0017B172 /* FDCalendar-Info.plist */,
				D040A45D17438CEE0017B172 /* InfoPlist.strings */,
				D040A46017438CEE0017B172 /* main.m */,
				D040A46217438CEE0017B172 /* FDCalendar-Prefix.pch */,
				D040A46617438CEE0017B172 /* Default.png */,
				D040A46817438CEE0017B172 /* Default@2x.png */,
				D040A46A17438CEE0017B172 /* Default-568h@2x.png */,
			);
			name = "Supporting Files";
			sourceTree = "<group>";
		};
		D040A47117438D370017B172 /* FDCalendar */ = {
			isa = PBXGroup;
			children = (
				D040A4771744B53B0017B172 /* FDCalendarView.h */,
				D040A4781744B53B0017B172 /* FDCalendarView.m */,
			);
			path = FDCalendar;
			sourceTree = "<group>";
		};
/* End PBXGroup section */

/* Begin PBXNativeTarget section */
		D040A45017438CED0017B172 /* FDCalendar */ = {
			isa = PBXNativeTarget;
			buildConfigurationList = D040A46E17438CEE0017B172 /* Build configuration list for PBXNativeTarget "FDCalendar" */;
			buildPhases = (
				D040A44D17438CED0017B172 /* Sources */,
				D040A44E17438CED0017B172 /* Frameworks */,
				D040A44F17438CED0017B172 /* Resources */,
			);
			buildRules = (
			);
			dependencies = (
			);
			name = FDCalendar;
			productName = FDCalendar;
			productReference = D040A45117438CED0017B172 /* FDCalendar.app */;
			productType = "com.apple.product-type.application";
		};
/* End PBXNativeTarget section */

/* Begin PBXProject section */
		D040A44917438CED0017B172 /* Project object */ = {
			isa = PBXProject;
			attributes = {
				LastUpgradeCheck = 0460;
				ORGANIZATIONNAME = "王谦";
			};
			buildConfigurationList = D040A44C17438CED0017B172 /* Build configuration list for PBXProject "FDCalendar" */;
			compatibilityVersion = "Xcode 3.2";
			developmentRegion = English;
			hasScannedForEncodings = 0;
			knownRegions = (
				en,
			);
			mainGroup = D040A44817438CED0017B172;
			productRefGroup = D040A45217438CED0017B172 /* Products */;
			projectDirPath = "";
			projectRoot = "";
			targets = (
				D040A45017438CED0017B172 /* FDCalendar */,
			);
		};
/* End PBXProject section */

/* Begin PBXResourcesBuildPhase section */
		D040A44F17438CED0017B172 /* Resources */ = {
			isa = PBXResourcesBuildPhase;
			buildActionMask = 2147483647;
			files = (
				D040A45F17438CEE0017B172 /* InfoPlist.strings in Resources */,
				D040A46717438CEE0017B172 /* Default.png in Resources */,
				D040A46917438CEE0017B172 /* Default@2x.png in Resources */,
				D040A46B17438CEE0017B172 /* Default-568h@2x.png in Resources */,
			);
			runOnlyForDeploymentPostprocessing = 0;
		};
/* End PBXResourcesBuildPhase section */

/* Begin PBXSourcesBuildPhase section */
		D040A44D17438CED0017B172 /* Sources */ = {
			isa = PBXSourcesBuildPhase;
			buildActionMask = 2147483647;
			files = (
				D040A46117438CEE0017B172 /* main.m in Sources */,
				D040A46517438CEE0017B172 /* AppDelegate.m in Sources */,
				D040A47417438D620017B172 /* RootViewController.m in Sources */,
				D040A4791744B53B0017B172 /* FDCalendarView.m in Sources */,
				D03EAF3C174B572A005F3DF9 /* NSDate+FDDate.m in Sources */,
			);
			runOnlyForDeploymentPostprocessing = 0;
		};
/* End PBXSourcesBuildPhase section */

/* Begin PBXVariantGroup section */
		D040A45D17438CEE0017B172 /* InfoPlist.strings */ = {
			isa = PBXVariantGroup;
			children = (
				D040A45E17438CEE0017B172 /* en */,
			);
			name = InfoPlist.strings;
			sourceTree = "<group>";
		};
/* End PBXVariantGroup section */

/* Begin XCBuildConfiguration section */
		D040A46C17438CEE0017B172 /* Debug */ = {
			isa = XCBuildConfiguration;
			buildSettings = {
				ALWAYS_SEARCH_USER_PATHS = NO;
				CLANG_CXX_LANGUAGE_STANDARD = "gnu++0x";
				CLANG_CXX_LIBRARY = "libc++";
				CLANG_WARN_CONSTANT_CONVERSION = YES;
				CLANG_WARN_EMPTY_BODY = YES;
				CLANG_WARN_ENUM_CONVERSION = YES;
				CLANG_WARN_INT_CONVERSION = YES;
				CLANG_WARN__DUPLICATE_METHOD_MATCH = YES;
				"CODE_SIGN_IDENTITY[sdk=iphoneos*]" = "iPhone Developer";
				COPY_PHASE_STRIP = NO;
				GCC_C_LANGUAGE_STANDARD = gnu99;
				GCC_DYNAMIC_NO_PIC = NO;
				GCC_OPTIMIZATION_LEVEL = 0;
				GCC_PREPROCESSOR_DEFINITIONS = (
					"DEBUG=1",
					"$(inherited)",
				);
				GCC_SYMBOLS_PRIVATE_EXTERN = NO;
				GCC_WARN_ABOUT_RETURN_TYPE = YES;
				GCC_WARN_UNINITIALIZED_AUTOS = YES;
				GCC_WARN_UNUSED_VARIABLE = YES;
				IPHONEOS_DEPLOYMENT_TARGET = 6.1;
				ONLY_ACTIVE_ARCH = YES;
				SDKROOT = iphoneos;
			};
			name = Debug;
		};
		D040A46D17438CEE0017B172 /* Release */ = {
			isa = XCBuildConfiguration;
			buildSettings = {
				ALWAYS_SEARCH_USER_PATHS = NO;
				CLANG_CXX_LANGUAGE_STANDARD = "gnu++0x";
				CLANG_CXX_LIBRARY = "libc++";
				CLANG_WARN_CONSTANT_CONVERSION = YES;
				CLANG_WARN_EMPTY_BODY = YES;
				CLANG_WARN_ENUM_CONVERSION = YES;
				CLANG_WARN_INT_CONVERSION = YES;
				CLANG_WARN__DUPLICATE_METHOD_MATCH = YES;
				"CODE_SIGN_IDENTITY[sdk=iphoneos*]" = "iPhone Developer";
				COPY_PHASE_STRIP = YES;
				GCC_C_LANGUAGE_STANDARD = gnu99;
				GCC_WARN_ABOUT_RETURN_TYPE = YES;
				GCC_WARN_UNINITIALIZED_AUTOS = YES;
				GCC_WARN_UNUSED_VARIABLE = YES;
				IPHONEOS_DEPLOYMENT_TARGET = 6.1;
				OTHER_CFLAGS = "-DNS_BLOCK_ASSERTIONS=1";
				SDKROOT = iphoneos;
				VALIDATE_PRODUCT = YES;
			};
			name = Release;
		};
		D040A46F17438CEE0017B172 /* Debug */ = {
			isa = XCBuildConfiguration;
			buildSettings = {
				GCC_PRECOMPILE_PREFIX_HEADER = YES;
				GCC_PREFIX_HEADER = "FDCalendar/FDCalendar-Prefix.pch";
				INFOPLIST_FILE = "FDCalendar/FDCalendar-Info.plist";
				PRODUCT_NAME = "$(TARGET_NAME)";
				WRAPPER_EXTENSION = app;
			};
			name = Debug;
		};
		D040A47017438CEE0017B172 /* Release */ = {
			isa = XCBuildConfiguration;
			buildSettings = {
				GCC_PRECOMPILE_PREFIX_HEADER = YES;
				GCC_PREFIX_HEADER = "FDCalendar/FDCalendar-Prefix.pch";
				INFOPLIST_FILE = "FDCalendar/FDCalendar-Info.plist";
				PRODUCT_NAME = "$(TARGET_NAME)";
				WRAPPER_EXTENSION = app;
			};
			name = Release;
		};
/* End XCBuildConfiguration section */

/* Begin XCConfigurationList section */
		D040A44C17438CED0017B172 /* Build configuration list for PBXProject "FDCalendar" */ = {
			isa = XCConfigurationList;
			buildConfigurations = (
				D040A46C17438CEE0017B172 /* Debug */,
				D040A46D17438CEE0017B172 /* Release */,
			);
			defaultConfigurationIsVisible = 0;
			defaultConfigurationName = Release;
		};
		D040A46E17438CEE0017B172 /* Build configuration list for PBXNativeTarget "FDCalendar" */ = {
			isa = XCConfigurationList;
			buildConfigurations = (
				D040A46F17438CEE0017B172 /* Debug */,
				D040A47017438CEE0017B172 /* Release */,
			);
			defaultConfigurationIsVisible = 0;
			defaultConfigurationName = Release;
		};
/* End XCConfigurationList section */
	};
	rootObject = D040A44917438CED0017B172 /* Project object */;
}
